
Microsoft Visual Studio Solution File, Format Version 12.00
# Visual Studio Version 17
VisualStudioVersion = 17.14.36414.22 d17.14
MinimumVisualStudioVersion = 10.0.40219.1
Project("{FAE04EC0-301F-11D3-BF4B-00C04F79EFBC}") = "AMachadoAssignment003", "AMachadoAssignment003\AMachadoAssignment003.csproj", "{A0AA3E0B-6DA6-4599-90E7-1F39D1DF583C}"
EndProject
Global
	GlobalSection(SolutionConfigurationPlatforms) = preSolution
		Debug|Any CPU = Debug|Any CPU
		Release|Any CPU = Release|Any CPU
	EndGlobalSection
	GlobalSection(ProjectConfigurationPlatforms) = postSolution
		{A0AA3E0B-6DA6-4599-90E7-1F39D1DF583C}.Debug|Any CPU.ActiveCfg = Debug|Any CPU
		{A0AA3E0B-6DA6-4599-90E7-1F39D1DF583C}.Debug|Any CPU.Build.0 = Debug|Any CPU
		{A0AA3E0B-6DA6-4599-90E7-1F39D1DF583C}.Release|Any CPU.ActiveCfg = Release|Any CPU
		{A0AA3E0B-6DA6-4599-90E7-1F39D1DF583C}.Release|Any CPU.Build.0 = Release|Any CPU
	EndGlobalSection
	GlobalSection(SolutionProperties) = preSolution
		HideSolutionNode = FALSE
	EndGlobalSection
	GlobalSection(ExtensibilityGlobals) = postSolution
		SolutionGuid = {50E43B89-3EBB-4EE5-A9D1-16301545F644}
	EndGlobalSection
EndGlobal
